
Microsoft Visual Studio Solution File, Format Version 12.00
# Visual Studio Version 16
VisualStudioVersion = 16.0.29123.88
MinimumVisualStudioVersion = 10.0.40219.1
Project("{9A19103F-16F7-4668-BE54-9A1E7A4F7556}") = "ReverseString", "ReverseString.csproj", "{E7B9E01D-85C5-4CA2-AEEF-E46DE98CB208}"
EndProject
Project("{9A19103F-16F7-4668-BE54-9A1E7A4F7556}") = "StringTester", "..\StringTester\StringTester.csproj", "{1D2B87BC-BBE3-47AC-826B-2AE219393D7E}"
EndProject
Project("{9A19103F-16F7-4668-BE54-9A1E7A4F7556}") = "ReverseAllIntegers", "..\ReverseAllIntegers\ReverseAllIntegers.csproj", "{F3275E33-F321-4499-9B08-C700F7B016D2}"
EndProject
Project("{9A19103F-16F7-4668-BE54-9A1E7A4F7556}") = "Reverse2Ints", "..\Reverse2Ints\Reverse2Ints.csproj", "{C1ADDB10-FC3D-4758-AE1B-440E7666A519}"
EndProject
Project("{FAE04EC0-301F-11D3-BF4B-00C04F79EFBC}") = "JulianCalender", "..\JulianCalender\JulianCalender.csproj", "{A668FCC3-2A7A-46D3-AAD4-7A65B2F48129}"
EndProject
Global
	GlobalSection(SolutionConfigurationPlatforms) = preSolution
		Debug|Any CPU = Debug|Any CPU
		Release|Any CPU = Release|Any CPU
	EndGlobalSection
	GlobalSection(ProjectConfigurationPlatforms) = postSolution
		{E7B9E01D-85C5-4CA2-AEEF-E46DE98CB208}.Debug|Any CPU.ActiveCfg = Debug|Any CPU
		{E7B9E01D-85C5-4CA2-AEEF-E46DE98CB208}.Debug|Any CPU.Build.0 = Debug|Any CPU
		{E7B9E01D-85C5-4CA2-AEEF-E46DE98CB208}.Release|Any CPU.ActiveCfg = Release|Any CPU
		{E7B9E01D-85C5-4CA2-AEEF-E46DE98CB208}.Release|Any CPU.Build.0 = Release|Any CPU
		{1D2B87BC-BBE3-47AC-826B-2AE219393D7E}.Debug|Any CPU.ActiveCfg = Debug|Any CPU
		{1D2B87BC-BBE3-47AC-826B-2AE219393D7E}.Debug|Any CPU.Build.0 = Debug|Any CPU
		{1D2B87BC-BBE3-47AC-826B-2AE219393D7E}.Release|Any CPU.ActiveCfg = Release|Any CPU
		{1D2B87BC-BBE3-47AC-826B-2AE219393D7E}.Release|Any CPU.Build.0 = Release|Any CPU
		{F3275E33-F321-4499-9B08-C700F7B016D2}.Debug|Any CPU.ActiveCfg = Debug|Any CPU
		{F3275E33-F321-4499-9B08-C700F7B016D2}.Debug|Any CPU.Build.0 = Debug|Any CPU
		{F3275E33-F321-4499-9B08-C700F7B016D2}.Release|Any CPU.ActiveCfg = Release|Any CPU
		{F3275E33-F321-4499-9B08-C700F7B016D2}.Release|Any CPU.Build.0 = Release|Any CPU
		{C1ADDB10-FC3D-4758-AE1B-440E7666A519}.Debug|Any CPU.ActiveCfg = Debug|Any CPU
		{C1ADDB10-FC3D-4758-AE1B-440E7666A519}.Debug|Any CPU.Build.0 = Debug|Any CPU
		{C1ADDB10-FC3D-4758-AE1B-440E7666A519}.Release|Any CPU.ActiveCfg = Release|Any CPU
		{C1ADDB10-FC3D-4758-AE1B-440E7666A519}.Release|Any CPU.Build.0 = Release|Any CPU
		{A668FCC3-2A7A-46D3-AAD4-7A65B2F48129}.Debug|Any CPU.ActiveCfg = Debug|Any CPU
		{A668FCC3-2A7A-46D3-AAD4-7A65B2F48129}.Debug|Any CPU.Build.0 = Debug|Any CPU
		{A668FCC3-2A7A-46D3-AAD4-7A65B2F48129}.Release|Any CPU.ActiveCfg = Release|Any CPU
		{A668FCC3-2A7A-46D3-AAD4-7A65B2F48129}.Release|Any CPU.Build.0 = Release|Any CPU
	EndGlobalSection
	GlobalSection(SolutionProperties) = preSolution
		HideSolutionNode = FALSE
	EndGlobalSection
	GlobalSection(ExtensibilityGlobals) = postSolution
		SolutionGuid = {8DCC0154-2AAE-4C71-8FC6-4B6ED7C33AB5}
	EndGlobalSection
EndGlobal
